
Microsoft Visual Studio Solution File, Format Version 12.00
# Visual Studio Version 17
VisualStudioVersion = 17.7.34009.444
MinimumVisualStudioVersion = 10.0.40219.1
Project("{2150E333-8FDC-42A3-9474-1A3956D46DE8}") = "Core", "Core", "{62D60D73-9E13-409B-8C9F-A7A383B2C025}"
EndProject
Project("{2150E333-8FDC-42A3-9474-1A3956D46DE8}") = "Infrastructure", "Infrastructure", "{8567BDDE-022A-4736-91C5-6BBB43EE12A1}"
EndProject
Project("{2150E333-8FDC-42A3-9474-1A3956D46DE8}") = "Presentation", "Presentation", "{2EC73DC4-36EC-4851-AF30-020224BFF3BA}"
EndProject
Project("{FAE04EC0-301F-11D3-BF4B-00C04F79EFBC}") = "ECommerceAPI.Domain", "Core\ECommerceAPI.Domain\ECommerceAPI.Domain.csproj", "{141F6777-DD2F-4825-B4B7-F4788334371B}"
EndProject
Project("{FAE04EC0-301F-11D3-BF4B-00C04F79EFBC}") = "ECommerceAPI.Application", "Core\ECommerceAPI.Application\ECommerceAPI.Application.csproj", "{20FCD889-5888-49B3-A7D0-B26329385DD1}"
EndProject
Project("{FAE04EC0-301F-11D3-BF4B-00C04F79EFBC}") = "ECommerceAPI.Infrastructure", "Infrastructure\ECommerceAPI.Infrastructure\ECommerceAPI.Infrastructure.csproj", "{4E5D825B-9293-4160-B558-A2EB554AA767}"
EndProject
Project("{FAE04EC0-301F-11D3-BF4B-00C04F79EFBC}") = "ECommerceAPI.Persistence", "Infrastructure\ECommerceAPI.Persistence\ECommerceAPI.Persistence.csproj", "{AD148891-AF1B-4ED2-8BFA-0D8AB755A940}"
EndProject
Project("{FAE04EC0-301F-11D3-BF4B-00C04F79EFBC}") = "ECommerceAPI.API", "Presentation\ECommerceAPI.API\ECommerceAPI.API.csproj", "{EF16BD2E-C336-4D5B-908B-9C1BB7B82335}"
EndProject
Global
	GlobalSection(SolutionConfigurationPlatforms) = preSolution
		Debug|Any CPU = Debug|Any CPU
		Release|Any CPU = Release|Any CPU
	EndGlobalSection
	GlobalSection(ProjectConfigurationPlatforms) = postSolution
		{141F6777-DD2F-4825-B4B7-F4788334371B}.Debug|Any CPU.ActiveCfg = Debug|Any CPU
		{141F6777-DD2F-4825-B4B7-F4788334371B}.Debug|Any CPU.Build.0 = Debug|Any CPU
		{141F6777-DD2F-4825-B4B7-F4788334371B}.Release|Any CPU.ActiveCfg = Release|Any CPU
		{141F6777-DD2F-4825-B4B7-F4788334371B}.Release|Any CPU.Build.0 = Release|Any CPU
		{20FCD889-5888-49B3-A7D0-B26329385DD1}.Debug|Any CPU.ActiveCfg = Debug|Any CPU
		{20FCD889-5888-49B3-A7D0-B26329385DD1}.Debug|Any CPU.Build.0 = Debug|Any CPU
		{20FCD889-5888-49B3-A7D0-B26329385DD1}.Release|Any CPU.ActiveCfg = Release|Any CPU
		{20FCD889-5888-49B3-A7D0-B26329385DD1}.Release|Any CPU.Build.0 = Release|Any CPU
		{4E5D825B-9293-4160-B558-A2EB554AA767}.Debug|Any CPU.ActiveCfg = Debug|Any CPU
		{4E5D825B-9293-4160-B558-A2EB554AA767}.Debug|Any CPU.Build.0 = Debug|Any CPU
		{4E5D825B-9293-4160-B558-A2EB554AA767}.Release|Any CPU.ActiveCfg = Release|Any CPU
		{4E5D825B-9293-4160-B558-A2EB554AA767}.Release|Any CPU.Build.0 = Release|Any CPU
		{AD148891-AF1B-4ED2-8BFA-0D8AB755A940}.Debug|Any CPU.ActiveCfg = Debug|Any CPU
		{AD148891-AF1B-4ED2-8BFA-0D8AB755A940}.Debug|Any CPU.Build.0 = Debug|Any CPU
		{AD148891-AF1B-4ED2-8BFA-0D8AB755A940}.Release|Any CPU.ActiveCfg = Release|Any CPU
		{AD148891-AF1B-4ED2-8BFA-0D8AB755A940}.Release|Any CPU.Build.0 = Release|Any CPU
		{EF16BD2E-C336-4D5B-908B-9C1BB7B82335}.Debug|Any CPU.ActiveCfg = Debug|Any CPU
		{EF16BD2E-C336-4D5B-908B-9C1BB7B82335}.Debug|Any CPU.Build.0 = Debug|Any CPU
		{EF16BD2E-C336-4D5B-908B-9C1BB7B82335}.Release|Any CPU.ActiveCfg = Release|Any CPU
		{EF16BD2E-C336-4D5B-908B-9C1BB7B82335}.Release|Any CPU.Build.0 = Release|Any CPU
	EndGlobalSection
	GlobalSection(SolutionProperties) = preSolution
		HideSolutionNode = FALSE
	EndGlobalSection
	GlobalSection(NestedProjects) = preSolution
		{141F6777-DD2F-4825-B4B7-F4788334371B} = {62D60D73-9E13-409B-8C9F-A7A383B2C025}
		{20FCD889-5888-49B3-A7D0-B26329385DD1} = {62D60D73-9E13-409B-8C9F-A7A383B2C025}
		{4E5D825B-9293-4160-B558-A2EB554AA767} = {8567BDDE-022A-4736-91C5-6BBB43EE12A1}
		{AD148891-AF1B-4ED2-8BFA-0D8AB755A940} = {8567BDDE-022A-4736-91C5-6BBB43EE12A1}
		{EF16BD2E-C336-4D5B-908B-9C1BB7B82335} = {2EC73DC4-36EC-4851-AF30-020224BFF3BA}
	EndGlobalSection
	GlobalSection(ExtensibilityGlobals) = postSolution
		SolutionGuid = {8B44A2B4-C190-4B93-889C-16A1644BF257}
	EndGlobalSection
EndGlobal
