
Microsoft Visual Studio Solution File, Format Version 12.00
# Visual Studio Version 17
VisualStudioVersion = 17.7.34009.444
MinimumVisualStudioVersion = 10.0.40219.1
Project("{2150E333-8FDC-42A3-9474-1A3956D46DE8}") = "Core", "Core", "{0729B3EC-D808-4EBB-A1DF-F430CBB117AE}"
EndProject
Project("{FAE04EC0-301F-11D3-BF4B-00C04F79EFBC}") = "ECommerceAPI.Domain", "Core\ECommerceAPI.Domain\ECommerceAPI.Domain.csproj", "{9C4B68CF-E7D3-4E40-A934-A9AE56BFFBC6}"
EndProject
Project("{FAE04EC0-301F-11D3-BF4B-00C04F79EFBC}") = "ECommerceAPI.Application", "Core\ECommerceAPI.Appclication\ECommerceAPI.Application.csproj", "{7A48610E-5778-4B85-9BF6-E23D0B81FEF9}"
EndProject
Project("{2150E333-8FDC-42A3-9474-1A3956D46DE8}") = "Infrastructure", "Infrastructure", "{6393D171-D08C-4100-8629-6C78963CF43C}"
EndProject
Project("{FAE04EC0-301F-11D3-BF4B-00C04F79EFBC}") = "ECommerceAPI.Infrastructure", "Infrastructure\ECommerceAPI.Infrastructure\ECommerceAPI.Infrastructure.csproj", "{5D52CE61-6BFB-42DD-A750-7233C363A585}"
EndProject
Project("{FAE04EC0-301F-11D3-BF4B-00C04F79EFBC}") = "ECommerceAPI.Persistence", "Infrastructure\ECommerceAPI.Persistence\ECommerceAPI.Persistence.csproj", "{0585C2D7-1238-46AE-807A-64A622A173B3}"
EndProject
Project("{2150E333-8FDC-42A3-9474-1A3956D46DE8}") = "Presentation", "Presentation", "{B8E5A949-014C-4A40-8A6D-288ABDE4DFEC}"
EndProject
Project("{FAE04EC0-301F-11D3-BF4B-00C04F79EFBC}") = "ECommerceAPI.API", "Presentition\ECommerceAPI.API\ECommerceAPI.API.csproj", "{03C03DFD-CE1E-4DD8-8D48-FC0DC2DD964B}"
EndProject
Global
	GlobalSection(SolutionConfigurationPlatforms) = preSolution
		Debug|Any CPU = Debug|Any CPU
		Release|Any CPU = Release|Any CPU
	EndGlobalSection
	GlobalSection(ProjectConfigurationPlatforms) = postSolution
		{9C4B68CF-E7D3-4E40-A934-A9AE56BFFBC6}.Debug|Any CPU.ActiveCfg = Debug|Any CPU
		{9C4B68CF-E7D3-4E40-A934-A9AE56BFFBC6}.Debug|Any CPU.Build.0 = Debug|Any CPU
		{9C4B68CF-E7D3-4E40-A934-A9AE56BFFBC6}.Release|Any CPU.ActiveCfg = Release|Any CPU
		{9C4B68CF-E7D3-4E40-A934-A9AE56BFFBC6}.Release|Any CPU.Build.0 = Release|Any CPU
		{7A48610E-5778-4B85-9BF6-E23D0B81FEF9}.Debug|Any CPU.ActiveCfg = Debug|Any CPU
		{7A48610E-5778-4B85-9BF6-E23D0B81FEF9}.Debug|Any CPU.Build.0 = Debug|Any CPU
		{7A48610E-5778-4B85-9BF6-E23D0B81FEF9}.Release|Any CPU.ActiveCfg = Release|Any CPU
		{7A48610E-5778-4B85-9BF6-E23D0B81FEF9}.Release|Any CPU.Build.0 = Release|Any CPU
		{5D52CE61-6BFB-42DD-A750-7233C363A585}.Debug|Any CPU.ActiveCfg = Debug|Any CPU
		{5D52CE61-6BFB-42DD-A750-7233C363A585}.Debug|Any CPU.Build.0 = Debug|Any CPU
		{5D52CE61-6BFB-42DD-A750-7233C363A585}.Release|Any CPU.ActiveCfg = Release|Any CPU
		{5D52CE61-6BFB-42DD-A750-7233C363A585}.Release|Any CPU.Build.0 = Release|Any CPU
		{0585C2D7-1238-46AE-807A-64A622A173B3}.Debug|Any CPU.ActiveCfg = Debug|Any CPU
		{0585C2D7-1238-46AE-807A-64A622A173B3}.Debug|Any CPU.Build.0 = Debug|Any CPU
		{0585C2D7-1238-46AE-807A-64A622A173B3}.Release|Any CPU.ActiveCfg = Release|Any CPU
		{0585C2D7-1238-46AE-807A-64A622A173B3}.Release|Any CPU.Build.0 = Release|Any CPU
		{03C03DFD-CE1E-4DD8-8D48-FC0DC2DD964B}.Debug|Any CPU.ActiveCfg = Debug|Any CPU
		{03C03DFD-CE1E-4DD8-8D48-FC0DC2DD964B}.Debug|Any CPU.Build.0 = Debug|Any CPU
		{03C03DFD-CE1E-4DD8-8D48-FC0DC2DD964B}.Release|Any CPU.ActiveCfg = Release|Any CPU
		{03C03DFD-CE1E-4DD8-8D48-FC0DC2DD964B}.Release|Any CPU.Build.0 = Release|Any CPU
	EndGlobalSection
	GlobalSection(SolutionProperties) = preSolution
		HideSolutionNode = FALSE
	EndGlobalSection
	GlobalSection(NestedProjects) = preSolution
		{9C4B68CF-E7D3-4E40-A934-A9AE56BFFBC6} = {0729B3EC-D808-4EBB-A1DF-F430CBB117AE}
		{7A48610E-5778-4B85-9BF6-E23D0B81FEF9} = {0729B3EC-D808-4EBB-A1DF-F430CBB117AE}
		{5D52CE61-6BFB-42DD-A750-7233C363A585} = {6393D171-D08C-4100-8629-6C78963CF43C}
		{0585C2D7-1238-46AE-807A-64A622A173B3} = {6393D171-D08C-4100-8629-6C78963CF43C}
		{03C03DFD-CE1E-4DD8-8D48-FC0DC2DD964B} = {B8E5A949-014C-4A40-8A6D-288ABDE4DFEC}
	EndGlobalSection
	GlobalSection(ExtensibilityGlobals) = postSolution
		SolutionGuid = {34AEA236-8BD9-438D-9EF0-DFF1123FFFE5}
	EndGlobalSection
EndGlobal
